
Microsoft Visual Studio Solution File, Format Version 12.00
# Visual Studio Version 16
VisualStudioVersion = 16.0.30011.22
MinimumVisualStudioVersion = 10.0.40219.1
Project("{8BC9CEB8-8B4A-11D0-8D11-00A0C91BC942}") = "Cm", "Cm\Cm.vcxproj", "{55E77A64-F55F-419D-B7FE-9FF90275D3BA}"
EndProject
Project("{8BC9CEB8-8B4A-11D0-8D11-00A0C91BC942}") = "AUnit", "AUnit\AUnit.vcxproj", "{9405BEFE-2B28-4EE6-97B0-EC9AC85E9B27}"
EndProject
Global
	GlobalSection(SolutionConfigurationPlatforms) = preSolution
		atmega328|ARM = atmega328|ARM
		atmega328|atmega328p = atmega328|atmega328p
		atmega328|x64 = atmega328|x64
		atmega328|x86 = atmega328|x86
		Debug|ARM = Debug|ARM
		Debug|atmega328p = Debug|atmega328p
		Debug|x64 = Debug|x64
		Debug|x86 = Debug|x86
		Release|ARM = Release|ARM
		Release|atmega328p = Release|atmega328p
		Release|x64 = Release|x64
		Release|x86 = Release|x86
	EndGlobalSection
	GlobalSection(ProjectConfigurationPlatforms) = postSolution
		{55E77A64-F55F-419D-B7FE-9FF90275D3BA}.atmega328|ARM.ActiveCfg = atmega328|Win32
		{55E77A64-F55F-419D-B7FE-9FF90275D3BA}.atmega328|atmega328p.ActiveCfg = atmega328|Win32
		{55E77A64-F55F-419D-B7FE-9FF90275D3BA}.atmega328|atmega328p.Build.0 = atmega328|Win32
		{55E77A64-F55F-419D-B7FE-9FF90275D3BA}.atmega328|x64.ActiveCfg = atmega328|Win32
		{55E77A64-F55F-419D-B7FE-9FF90275D3BA}.atmega328|x64.Build.0 = atmega328|Win32
		{55E77A64-F55F-419D-B7FE-9FF90275D3BA}.atmega328|x86.ActiveCfg = atmega328|Win32
		{55E77A64-F55F-419D-B7FE-9FF90275D3BA}.atmega328|x86.Build.0 = atmega328|Win32
		{55E77A64-F55F-419D-B7FE-9FF90275D3BA}.Debug|ARM.ActiveCfg = Debug|Win32
		{55E77A64-F55F-419D-B7FE-9FF90275D3BA}.Debug|atmega328p.ActiveCfg = Debug|Win32
		{55E77A64-F55F-419D-B7FE-9FF90275D3BA}.Debug|atmega328p.Build.0 = Debug|Win32
		{55E77A64-F55F-419D-B7FE-9FF90275D3BA}.Debug|x64.ActiveCfg = Debug|Win32
		{55E77A64-F55F-419D-B7FE-9FF90275D3BA}.Debug|x86.ActiveCfg = Debug|Win32
		{55E77A64-F55F-419D-B7FE-9FF90275D3BA}.Debug|x86.Build.0 = Debug|Win32
		{55E77A64-F55F-419D-B7FE-9FF90275D3BA}.Release|ARM.ActiveCfg = Release|Win32
		{55E77A64-F55F-419D-B7FE-9FF90275D3BA}.Release|atmega328p.ActiveCfg = Release|Win32
		{55E77A64-F55F-419D-B7FE-9FF90275D3BA}.Release|atmega328p.Build.0 = Release|Win32
		{55E77A64-F55F-419D-B7FE-9FF90275D3BA}.Release|x64.ActiveCfg = Release|Win32
		{55E77A64-F55F-419D-B7FE-9FF90275D3BA}.Release|x86.ActiveCfg = Release|Win32
		{55E77A64-F55F-419D-B7FE-9FF90275D3BA}.Release|x86.Build.0 = Release|Win32
		{9405BEFE-2B28-4EE6-97B0-EC9AC85E9B27}.atmega328|ARM.ActiveCfg = Debug|Win32
		{9405BEFE-2B28-4EE6-97B0-EC9AC85E9B27}.atmega328|ARM.Build.0 = Debug|Win32
		{9405BEFE-2B28-4EE6-97B0-EC9AC85E9B27}.atmega328|atmega328p.ActiveCfg = Debug|Win32
		{9405BEFE-2B28-4EE6-97B0-EC9AC85E9B27}.atmega328|x64.ActiveCfg = Debug|Win32
		{9405BEFE-2B28-4EE6-97B0-EC9AC85E9B27}.atmega328|x64.Build.0 = Debug|Win32
		{9405BEFE-2B28-4EE6-97B0-EC9AC85E9B27}.atmega328|x86.ActiveCfg = Debug|Win32
		{9405BEFE-2B28-4EE6-97B0-EC9AC85E9B27}.atmega328|x86.Build.0 = Debug|Win32
		{9405BEFE-2B28-4EE6-97B0-EC9AC85E9B27}.Debug|ARM.ActiveCfg = Debug|Win32
		{9405BEFE-2B28-4EE6-97B0-EC9AC85E9B27}.Debug|atmega328p.ActiveCfg = Debug|Win32
		{9405BEFE-2B28-4EE6-97B0-EC9AC85E9B27}.Debug|atmega328p.Build.0 = Debug|Win32
		{9405BEFE-2B28-4EE6-97B0-EC9AC85E9B27}.Debug|x64.ActiveCfg = Debug|Win32
		{9405BEFE-2B28-4EE6-97B0-EC9AC85E9B27}.Debug|x86.ActiveCfg = Debug|Win32
		{9405BEFE-2B28-4EE6-97B0-EC9AC85E9B27}.Debug|x86.Build.0 = Debug|Win32
		{9405BEFE-2B28-4EE6-97B0-EC9AC85E9B27}.Release|ARM.ActiveCfg = Release|Win32
		{9405BEFE-2B28-4EE6-97B0-EC9AC85E9B27}.Release|atmega328p.ActiveCfg = Release|Win32
		{9405BEFE-2B28-4EE6-97B0-EC9AC85E9B27}.Release|x64.ActiveCfg = Release|Win32
		{9405BEFE-2B28-4EE6-97B0-EC9AC85E9B27}.Release|x86.ActiveCfg = Release|Win32
		{9405BEFE-2B28-4EE6-97B0-EC9AC85E9B27}.Release|x86.Build.0 = Release|Win32
	EndGlobalSection
	GlobalSection(SolutionProperties) = preSolution
		HideSolutionNode = FALSE
	EndGlobalSection
	GlobalSection(ExtensibilityGlobals) = postSolution
		SolutionGuid = {9B8A043F-7ACD-463B-A45E-934DDAA64B05}
	EndGlobalSection
EndGlobal
