<?xml version="1.0" encoding="utf-8"?>
<Project ToolsVersion="4.0" xmlns="http://schemas.microsoft.com/developer/msbuild/2003">
  <ItemGroup>
    <Filter Include="Source Files">
      <UniqueIdentifier>{4FC737F1-C7A5-4376-A066-2A32D752A2FF}</UniqueIdentifier>
      <Extensions>cpp;c;cc;cxx;c++;def;odl;idl;hpj;bat;asm;asmx</Extensions>
    </Filter>
    <Filter Include="Header Files">
      <UniqueIdentifier>{93995380-89BD-4b04-88EB-625FBE52EBFB}</UniqueIdentifier>
      <Extensions>h;hh;hpp;hxx;h++;hm;inl;inc;ipp;xsd</Extensions>
    </Filter>
    <Filter Include="Resource Files">
      <UniqueIdentifier>{67DA6AB6-F800-4c08-8B7A-83BB121AAD01}</UniqueIdentifier>
      <Extensions>rc;ico;cur;bmp;dlg;rc2;rct;bin;rgs;gif;jpg;jpeg;jpe;resx;tiff;tif;png;wav;mfcribbon-ms</Extensions>
    </Filter>
    <Filter Include="BSL">
      <UniqueIdentifier>{9ee88ba4-2756-4566-870b-06fe4e244c83}</UniqueIdentifier>
    </Filter>
    <Filter Include="BSL\BSL Host">
      <UniqueIdentifier>{2ad61b5a-c21b-48e6-bd1b-f2b10487a27c}</UniqueIdentifier>
    </Filter>
    <Filter Include="BSL\BSL ATmega328p">
      <UniqueIdentifier>{7f1abef2-849a-4995-92a5-f95448486810}</UniqueIdentifier>
    </Filter>
    <Filter Include="Tests">
      <UniqueIdentifier>{f2a2b8a0-9044-44eb-898a-c61bdf5845e1}</UniqueIdentifier>
    </Filter>
  </ItemGroup>
  <ItemGroup>
    <ClCompile Include="admin.c">
      <Filter>Source Files</Filter>
    </ClCompile>
    <ClCompile Include="hal.c">
      <Filter>Source Files</Filter>
    </ClCompile>
    <ClCompile Include="ioreg.c">
      <Filter>Source Files</Filter>
    </ClCompile>
    <ClCompile Include="vm.c">
      <Filter>Source Files</Filter>
    </ClCompile>
    <ClCompile Include="vmstack.c">
      <Filter>Source Files</Filter>
    </ClCompile>
    <ClCompile Include="_console.c">
      <Filter>Source Files</Filter>
    </ClCompile>
    <ClCompile Include="_xtoa.c">
      <Filter>Source Files</Filter>
    </ClCompile>
    <ClCompile Include="hal_output.c">
      <Filter>Source Files</Filter>
    </ClCompile>
    <ClCompile Include="bsl_output_host.c">
      <Filter>BSL\BSL Host</Filter>
    </ClCompile>
    <ClCompile Include="bsl_output_ATmega328p.c">
      <Filter>BSL\BSL ATmega328p</Filter>
    </ClCompile>
    <ClCompile Include="hal_out.c">
      <Filter>Source Files</Filter>
    </ClCompile>
    <ClCompile Include="bsl_loader_host.c">
      <Filter>BSL\BSL Host</Filter>
    </ClCompile>
    <ClCompile Include="hal_loader.c">
      <Filter>Source Files</Filter>
    </ClCompile>
    <ClCompile Include="bsl_loader_ATmega328.c">
      <Filter>BSL\BSL ATmega328p</Filter>
    </ClCompile>
    <ClCompile Include="hal_io_reg.c">
      <Filter>Source Files</Filter>
    </ClCompile>
    <ClCompile Include="bsl_io_reg_host.c">
      <Filter>BSL\BSL Host</Filter>
    </ClCompile>
    <ClCompile Include="bsl_io_reg_Atmega328p.c">
      <Filter>BSL\BSL ATmega328p</Filter>
    </ClCompile>
    <ClCompile Include="bsl_interrupt_Atmega328p.c">
      <Filter>BSL\BSL ATmega328p</Filter>
    </ClCompile>
    <ClCompile Include="bsl_interrupt_host.c">
      <Filter>BSL\BSL Host</Filter>
    </ClCompile>
    <ClCompile Include="bsl_TestIOReg0.c">
      <Filter>Tests</Filter>
    </ClCompile>
    <ClCompile Include="hal_TestInterman0.c">
      <Filter>Tests</Filter>
    </ClCompile>
    <ClCompile Include="hal_interrupt.c">
      <Filter>Source Files</Filter>
    </ClCompile>
  </ItemGroup>
  <ItemGroup>
    <ClInclude Include="_xtoa.h">
      <Filter>Header Files</Filter>
    </ClInclude>
    <ClInclude Include="hal.h">
      <Filter>Header Files</Filter>
    </ClInclude>
    <ClInclude Include="ioreg.h">
      <Filter>Header Files</Filter>
    </ClInclude>
    <ClInclude Include="opcode.h">
      <Filter>Header Files</Filter>
    </ClInclude>
    <ClInclude Include="vm.h">
      <Filter>Header Files</Filter>
    </ClInclude>
    <ClInclude Include="vmstack.h">
      <Filter>Header Files</Filter>
    </ClInclude>
    <ClInclude Include="_out.h">
      <Filter>Header Files</Filter>
    </ClInclude>
    <ClInclude Include="_outdesc.h">
      <Filter>Header Files</Filter>
    </ClInclude>
    <ClInclude Include="_stdtype.h">
      <Filter>Header Files</Filter>
    </ClInclude>
    <ClInclude Include="bsl_output.h">
      <Filter>BSL</Filter>
    </ClInclude>
    <ClInclude Include="hal_out.h">
      <Filter>Header Files</Filter>
    </ClInclude>
    <ClInclude Include="hal_loader.h">
      <Filter>Header Files</Filter>
    </ClInclude>
    <ClInclude Include="bsl_loader.h">
      <Filter>BSL</Filter>
    </ClInclude>
    <ClInclude Include="hal_io_reg.h">
      <Filter>Header Files</Filter>
    </ClInclude>
    <ClInclude Include="bsl_io_reg.h">
      <Filter>BSL</Filter>
    </ClInclude>
    <ClInclude Include="bsl_interrupt.h">
      <Filter>BSL</Filter>
    </ClInclude>
    <ClInclude Include="hal_interrupt.h">
      <Filter>Header Files</Filter>
    </ClInclude>
  </ItemGroup>
</Project>